// !$*UTF8*$!
{
	archiveVersion = 1;
	classes = {
	};
	objectVersion = 56;
	objects = {

/* Begin PBXBuildFile section */
		524F031229B7DC380008FF07 /* AppDelegate.swift in Sources */ = {isa = PBXBuildFile; fileRef = 524F031129B7DC380008FF07 /* AppDelegate.swift */; };
		524F031429B7DC380008FF07 /* SceneDelegate.swift in Sources */ = {isa = PBXBuildFile; fileRef = 524F031329B7DC380008FF07 /* SceneDelegate.swift */; };
		524F031629B7DC380008FF07 /* ViewController.swift in Sources */ = {isa = PBXBuildFile; fileRef = 524F031529B7DC380008FF07 /* ViewController.swift */; };
		524F031929B7DC380008FF07 /* Main.storyboard in Resources */ = {isa = PBXBuildFile; fileRef = 524F031729B7DC380008FF07 /* Main.storyboard */; };
		524F031C29B7DC380008FF07 /* ToDoList_App.xcdatamodeld in Sources */ = {isa = PBXBuildFile; fileRef = 524F031A29B7DC380008FF07 /* ToDoList_App.xcdatamodeld */; };
		524F031E29B7DC3A0008FF07 /* Assets.xcassets in Resources */ = {isa = PBXBuildFile; fileRef = 524F031D29B7DC3A0008FF07 /* Assets.xcassets */; };
		524F032129B7DC3A0008FF07 /* LaunchScreen.storyboard in Resources */ = {isa = PBXBuildFile; fileRef = 524F031F29B7DC3A0008FF07 /* LaunchScreen.storyboard */; };
		524F032A29B7DCEC0008FF07 /* ToDoListItem+CoreDataClass.swift in Sources */ = {isa = PBXBuildFile; fileRef = 524F032829B7DCEC0008FF07 /* ToDoListItem+CoreDataClass.swift */; };
		524F032B29B7DCEC0008FF07 /* ToDoListItem+CoreDataProperties.swift in Sources */ = {isa = PBXBuildFile; fileRef = 524F032929B7DCEC0008FF07 /* ToDoListItem+CoreDataProperties.swift */; };
/* End PBXBuildFile section */

/* Begin PBXFileReference section */
		524F030E29B7DC380008FF07 /* ToDoList-App.app */ = {isa = PBXFileReference; explicitFileType = wrapper.application; includeInIndex = 0; path = "ToDoList-App.app"; sourceTree = BUILT_PRODUCTS_DIR; };
		524F031129B7DC380008FF07 /* AppDelegate.swift */ = {isa = PBXFileReference; lastKnownFileType = sourcecode.swift; path = AppDelegate.swift; sourceTree = "<group>"; };
		524F031329B7DC380008FF07 /* SceneDelegate.swift */ = {isa = PBXFileReference; lastKnownFileType = sourcecode.swift; path = SceneDelegate.swift; sourceTree = "<group>"; };
		524F031529B7DC380008FF07 /* ViewController.swift */ = {isa = PBXFileReference; lastKnownFileType = sourcecode.swift; path = ViewController.swift; sourceTree = "<group>"; };
		524F031829B7DC380008FF07 /* Base */ = {isa = PBXFileReference; lastKnownFileType = file.storyboard; name = Base; path = Base.lproj/Main.storyboard; sourceTree = "<group>"; };
		524F031B29B7DC380008FF07 /* ToDoList_App.xcdatamodel */ = {isa = PBXFileReference; lastKnownFileType = wrapper.xcdatamodel; path = ToDoList_App.xcdatamodel; sourceTree = "<group>"; };
		524F031D29B7DC3A0008FF07 /* Assets.xcassets */ = {isa = PBXFileReference; lastKnownFileType = folder.assetcatalog; path = Assets.xcassets; sourceTree = "<group>"; };
		524F032029B7DC3A0008FF07 /* Base */ = {isa = PBXFileReference; lastKnownFileType = file.storyboard; name = Base; path = Base.lproj/LaunchScreen.storyboard; sourceTree = "<group>"; };
		524F032229B7DC3A0008FF07 /* Info.plist */ = {isa = PBXFileReference; lastKnownFileType = text.plist.xml; path = Info.plist; sourceTree = "<group>"; };
		524F032829B7DCEC0008FF07 /* ToDoListItem+CoreDataClass.swift */ = {isa = PBXFileReference; lastKnownFileType = sourcecode.swift; path = "ToDoListItem+CoreDataClass.swift"; sourceTree = "<group>"; };
		524F032929B7DCEC0008FF07 /* ToDoListItem+CoreDataProperties.swift */ = {isa = PBXFileReference; lastKnownFileType = sourcecode.swift; path = "ToDoListItem+CoreDataProperties.swift"; sourceTree = "<group>"; };
/* End PBXFileReference section */

/* Begin PBXFrameworksBuildPhase section */
		524F030B29B7DC380008FF07 /* Frameworks */ = {
			isa = PBXFrameworksBuildPhase;
			buildActionMask = 2147483647;
			files = (
			);
			runOnlyForDeploymentPostprocessing = 0;
		};
/* End PBXFrameworksBuildPhase section */

/* Begin PBXGroup section */
		524F030529B7DC380008FF07 = {
			isa = PBXGroup;
			children = (
				524F032C29B7DD0E0008FF07 /* ToDoListItem */,
				524F031029B7DC380008FF07 /* ToDoList-App */,
				524F030F29B7DC380008FF07 /* Products */,
			);
			sourceTree = "<group>";
		};
		524F030F29B7DC380008FF07 /* Products */ = {
			isa = PBXGroup;
			children = (
				524F030E29B7DC380008FF07 /* ToDoList-App.app */,
			);
			name = Products;
			sourceTree = "<group>";
		};
		524F031029B7DC380008FF07 /* ToDoList-App */ = {
			isa = PBXGroup;
			children = (
				524F031129B7DC380008FF07 /* AppDelegate.swift */,
				524F031329B7DC380008FF07 /* SceneDelegate.swift */,
				524F031529B7DC380008FF07 /* ViewController.swift */,
				524F031729B7DC380008FF07 /* Main.storyboard */,
				524F031D29B7DC3A0008FF07 /* Assets.xcassets */,
				524F031F29B7DC3A0008FF07 /* LaunchScreen.storyboard */,
				524F032229B7DC3A0008FF07 /* Info.plist */,
				524F031A29B7DC380008FF07 /* ToDoList_App.xcdatamodeld */,
			);
			path = "ToDoList-App";
			sourceTree = "<group>";
		};
		524F032C29B7DD0E0008FF07 /* ToDoListItem */ = {
			isa = PBXGroup;
			children = (
				524F032929B7DCEC0008FF07 /* ToDoListItem+CoreDataProperties.swift */,
				524F032829B7DCEC0008FF07 /* ToDoListItem+CoreDataClass.swift */,
			);
			path = ToDoListItem;
			sourceTree = "<group>";
		};
/* End PBXGroup section */

/* Begin PBXNativeTarget section */
		524F030D29B7DC380008FF07 /* ToDoList-App */ = {
			isa = PBXNativeTarget;
			buildConfigurationList = 524F032529B7DC3A0008FF07 /* Build configuration list for PBXNativeTarget "ToDoList-App" */;
			buildPhases = (
				524F030A29B7DC380008FF07 /* Sources */,
				524F030B29B7DC380008FF07 /* Frameworks */,
				524F030C29B7DC380008FF07 /* Resources */,
			);
			buildRules = (
			);
			dependencies = (
			);
			name = "ToDoList-App";
			productName = "ToDoList-App";
			productReference = 524F030E29B7DC380008FF07 /* ToDoList-App.app */;
			productType = "com.apple.product-type.application";
		};
/* End PBXNativeTarget section */

/* Begin PBXProject section */
		524F030629B7DC380008FF07 /* Project object */ = {
			isa = PBXProject;
			attributes = {
				BuildIndependentTargetsInParallel = 1;
				LastSwiftUpdateCheck = 1400;
				LastUpgradeCheck = 1400;
				TargetAttributes = {
					524F030D29B7DC380008FF07 = {
						CreatedOnToolsVersion = 14.0;
					};
				};
			};
			buildConfigurationList = 524F030929B7DC380008FF07 /* Build configuration list for PBXProject "ToDoList-App" */;
			compatibilityVersion = "Xcode 14.0";
			developmentRegion = en;
			hasScannedForEncodings = 0;
			knownRegions = (
				en,
				Base,
			);
			mainGroup = 524F030529B7DC380008FF07;
			productRefGroup = 524F030F29B7DC380008FF07 /* Products */;
			projectDirPath = "";
			projectRoot = "";
			targets = (
				524F030D29B7DC380008FF07 /* ToDoList-App */,
			);
		};
/* End PBXProject section */

/* Begin PBXResourcesBuildPhase section */
		524F030C29B7DC380008FF07 /* Resources */ = {
			isa = PBXResourcesBuildPhase;
			buildActionMask = 2147483647;
			files = (
				524F032129B7DC3A0008FF07 /* LaunchScreen.storyboard in Resources */,
				524F031E29B7DC3A0008FF07 /* Assets.xcassets in Resources */,
				524F031929B7DC380008FF07 /* Main.storyboard in Resources */,
			);
			runOnlyForDeploymentPostprocessing = 0;
		};
/* End PBXResourcesBuildPhase section */

/* Begin PBXSourcesBuildPhase section */
		524F030A29B7DC380008FF07 /* Sources */ = {
			isa = PBXSourcesBuildPhase;
			buildActionMask = 2147483647;
			files = (
				524F031629B7DC380008FF07 /* ViewController.swift in Sources */,
				524F031229B7DC380008FF07 /* AppDelegate.swift in Sources */,
				524F031429B7DC380008FF07 /* SceneDelegate.swift in Sources */,
				524F032A29B7DCEC0008FF07 /* ToDoListItem+CoreDataClass.swift in Sources */,
				524F032B29B7DCEC0008FF07 /* ToDoListItem+CoreDataProperties.swift in Sources */,
				524F031C29B7DC380008FF07 /* ToDoList_App.xcdatamodeld in Sources */,
			);
			runOnlyForDeploymentPostprocessing = 0;
		};
/* End PBXSourcesBuildPhase section */

/* Begin PBXVariantGroup section */
		524F031729B7DC380008FF07 /* Main.storyboard */ = {
			isa = PBXVariantGroup;
			children = (
				524F031829B7DC380008FF07 /* Base */,
			);
			name = Main.storyboard;
			sourceTree = "<group>";
		};
		524F031F29B7DC3A0008FF07 /* LaunchScreen.storyboard */ = {
			isa = PBXVariantGroup;
			children = (
				524F032029B7DC3A0008FF07 /* Base */,
			);
			name = LaunchScreen.storyboard;
			sourceTree = "<group>";
		};
/* End PBXVariantGroup section */

/* Begin XCBuildConfiguration section */
		524F032329B7DC3A0008FF07 /* Debug */ = {
			isa = XCBuildConfiguration;
			buildSettings = {
				ALWAYS_SEARCH_USER_PATHS = NO;
				CLANG_ANALYZER_NONNULL = YES;
				CLANG_ANALYZER_NUMBER_OBJECT_CONVERSION = YES_AGGRESSIVE;
				CLANG_CXX_LANGUAGE_STANDARD = "gnu++20";
				CLANG_ENABLE_MODULES = YES;
				CLANG_ENABLE_OBJC_ARC = YES;
				CLANG_ENABLE_OBJC_WEAK = YES;
				CLANG_WARN_BLOCK_CAPTURE_AUTORELEASING = YES;
				CLANG_WARN_BOOL_CONVERSION = YES;
				CLANG_WARN_COMMA = YES;
				CLANG_WARN_CONSTANT_CONVERSION = YES;
				CLANG_WARN_DEPRECATED_OBJC_IMPLEMENTATIONS = YES;
				CLANG_WARN_DIRECT_OBJC_ISA_USAGE = YES_ERROR;
				CLANG_WARN_DOCUMENTATION_COMMENTS = YES;
				CLANG_WARN_EMPTY_BODY = YES;
				CLANG_WARN_ENUM_CONVERSION = YES;
				CLANG_WARN_INFINITE_RECURSION = YES;
				CLANG_WARN_INT_CONVERSION = YES;
				CLANG_WARN_NON_LITERAL_NULL_CONVERSION = YES;
				CLANG_WARN_OBJC_IMPLICIT_RETAIN_SELF = YES;
				CLANG_WARN_OBJC_LITERAL_CONVERSION = YES;
				CLANG_WARN_OBJC_ROOT_CLASS = YES_ERROR;
				CLANG_WARN_QUOTED_INCLUDE_IN_FRAMEWORK_HEADER = YES;
				CLANG_WARN_RANGE_LOOP_ANALYSIS = YES;
				CLANG_WARN_STRICT_PROTOTYPES = YES;
				CLANG_WARN_SUSPICIOUS_MOVE = YES;
				CLANG_WARN_UNGUARDED_AVAILABILITY = YES_AGGRESSIVE;
				CLANG_WARN_UNREACHABLE_CODE = YES;
				CLANG_WARN__DUPLICATE_METHOD_MATCH = YES;
				COPY_PHASE_STRIP = NO;
				DEBUG_INFORMATION_FORMAT = dwarf;
				ENABLE_STRICT_OBJC_MSGSEND = YES;
				ENABLE_TESTABILITY = YES;
				GCC_C_LANGUAGE_STANDARD = gnu11;
				GCC_DYNAMIC_NO_PIC = NO;
				GCC_NO_COMMON_BLOCKS = YES;
				GCC_OPTIMIZATION_LEVEL = 0;
				GCC_PREPROCESSOR_DEFINITIONS = (
					"DEBUG=1",
					"$(inherited)",
				);
				GCC_WARN_64_TO_32_BIT_CONVERSION = YES;
				GCC_WARN_ABOUT_RETURN_TYPE = YES_ERROR;
				GCC_WARN_UNDECLARED_SELECTOR = YES;
				GCC_WARN_UNINITIALIZED_AUTOS = YES_AGGRESSIVE;
				GCC_WARN_UNUSED_FUNCTION = YES;
				GCC_WARN_UNUSED_VARIABLE = YES;
				IPHONEOS_DEPLOYMENT_TARGET = 16.0;
				MTL_ENABLE_DEBUG_INFO = INCLUDE_SOURCE;
				MTL_FAST_MATH = YES;
				ONLY_ACTIVE_ARCH = YES;
				SDKROOT = iphoneos;
				SWIFT_ACTIVE_COMPILATION_CONDITIONS = DEBUG;
				SWIFT_OPTIMIZATION_LEVEL = "-Onone";
			};
			name = Debug;
		};
		524F032429B7DC3A0008FF07 /* Release */ = {
			isa = XCBuildConfiguration;
			buildSettings = {
				ALWAYS_SEARCH_USER_PATHS = NO;
				CLANG_ANALYZER_NONNULL = YES;
				CLANG_ANALYZER_NUMBER_OBJECT_CONVERSION = YES_AGGRESSIVE;
				CLANG_CXX_LANGUAGE_STANDARD = "gnu++20";
				CLANG_ENABLE_MODULES = YES;
				CLANG_ENABLE_OBJC_ARC = YES;
				CLANG_ENABLE_OBJC_WEAK = YES;
				CLANG_WARN_BLOCK_CAPTURE_AUTORELEASING = YES;
				CLANG_WARN_BOOL_CONVERSION = YES;
				CLANG_WARN_COMMA = YES;
				CLANG_WARN_CONSTANT_CONVERSION = YES;
				CLANG_WARN_DEPRECATED_OBJC_IMPLEMENTATIONS = YES;
				CLANG_WARN_DIRECT_OBJC_ISA_USAGE = YES_ERROR;
				CLANG_WARN_DOCUMENTATION_COMMENTS = YES;
				CLANG_WARN_EMPTY_BODY = YES;
				CLANG_WARN_ENUM_CONVERSION = YES;
				CLANG_WARN_INFINITE_RECURSION = YES;
				CLANG_WARN_INT_CONVERSION = YES;
				CLANG_WARN_NON_LITERAL_NULL_CONVERSION = YES;
				CLANG_WARN_OBJC_IMPLICIT_RETAIN_SELF = YES;
				CLANG_WARN_OBJC_LITERAL_CONVERSION = YES;
				CLANG_WARN_OBJC_ROOT_CLASS = YES_ERROR;
				CLANG_WARN_QUOTED_INCLUDE_IN_FRAMEWORK_HEADER = YES;
				CLANG_WARN_RANGE_LOOP_ANALYSIS = YES;
				CLANG_WARN_STRICT_PROTOTYPES = YES;
				CLANG_WARN_SUSPICIOUS_MOVE = YES;
				CLANG_WARN_UNGUARDED_AVAILABILITY = YES_AGGRESSIVE;
				CLANG_WARN_UNREACHABLE_CODE = YES;
				CLANG_WARN__DUPLICATE_METHOD_MATCH = YES;
				COPY_PHASE_STRIP = NO;
				DEBUG_INFORMATION_FORMAT = "dwarf-with-dsym";
				ENABLE_NS_ASSERTIONS = NO;
				ENABLE_STRICT_OBJC_MSGSEND = YES;
				GCC_C_LANGUAGE_STANDARD = gnu11;
				GCC_NO_COMMON_BLOCKS = YES;
				GCC_WARN_64_TO_32_BIT_CONVERSION = YES;
				GCC_WARN_ABOUT_RETURN_TYPE = YES_ERROR;
				GCC_WARN_UNDECLARED_SELECTOR = YES;
				GCC_WARN_UNINITIALIZED_AUTOS = YES_AGGRESSIVE;
				GCC_WARN_UNUSED_FUNCTION = YES;
				GCC_WARN_UNUSED_VARIABLE = YES;
				IPHONEOS_DEPLOYMENT_TARGET = 16.0;
				MTL_ENABLE_DEBUG_INFO = NO;
				MTL_FAST_MATH = YES;
				SDKROOT = iphoneos;
				SWIFT_COMPILATION_MODE = wholemodule;
				SWIFT_OPTIMIZATION_LEVEL = "-O";
				VALIDATE_PRODUCT = YES;
			};
			name = Release;
		};
		524F032629B7DC3A0008FF07 /* Debug */ = {
			isa = XCBuildConfiguration;
			buildSettings = {
				ASSETCATALOG_COMPILER_APPICON_NAME = AppIcon;
				ASSETCATALOG_COMPILER_GLOBAL_ACCENT_COLOR_NAME = AccentColor;
				CODE_SIGN_STYLE = Automatic;
				CURRENT_PROJECT_VERSION = 1;
				DEVELOPMENT_TEAM = MPTU59K97X;
				GENERATE_INFOPLIST_FILE = YES;
				INFOPLIST_FILE = "ToDoList-App/Info.plist";
				INFOPLIST_KEY_UIApplicationSupportsIndirectInputEvents = YES;
				INFOPLIST_KEY_UILaunchStoryboardName = LaunchScreen;
				INFOPLIST_KEY_UIMainStoryboardFile = Main;
				INFOPLIST_KEY_UISupportedInterfaceOrientations_iPad = "UIInterfaceOrientationPortrait UIInterfaceOrientationPortraitUpsideDown UIInterfaceOrientationLandscapeLeft UIInterfaceOrientationLandscapeRight";
				INFOPLIST_KEY_UISupportedInterfaceOrientations_iPhone = "UIInterfaceOrientationPortrait UIInterfaceOrientationLandscapeLeft UIInterfaceOrientationLandscapeRight";
				LD_RUNPATH_SEARCH_PATHS = (
					"$(inherited)",
					"@executable_path/Frameworks",
				);
				MARKETING_VERSION = 1.0;
				PRODUCT_BUNDLE_IDENTIFIER = "EcemOzturk.ToDoList-App";
				PRODUCT_NAME = "$(TARGET_NAME)";
				SWIFT_EMIT_LOC_STRINGS = YES;
				SWIFT_VERSION = 5.0;
				TARGETED_DEVICE_FAMILY = "1,2";
			};
			name = Debug;
		};
		524F032729B7DC3A0008FF07 /* Release */ = {
			isa = XCBuildConfiguration;
			buildSettings = {
				ASSETCATALOG_COMPILER_APPICON_NAME = AppIcon;
				ASSETCATALOG_COMPILER_GLOBAL_ACCENT_COLOR_NAME = AccentColor;
				CODE_SIGN_STYLE = Automatic;
				CURRENT_PROJECT_VERSION = 1;
				DEVELOPMENT_TEAM = MPTU59K97X;
				GENERATE_INFOPLIST_FILE = YES;
				INFOPLIST_FILE = "ToDoList-App/Info.plist";
				INFOPLIST_KEY_UIApplicationSupportsIndirectInputEvents = YES;
				INFOPLIST_KEY_UILaunchStoryboardName = LaunchScreen;
				INFOPLIST_KEY_UIMainStoryboardFile = Main;
				INFOPLIST_KEY_UISupportedInterfaceOrientations_iPad = "UIInterfaceOrientationPortrait UIInterfaceOrientationPortraitUpsideDown UIInterfaceOrientationLandscapeLeft UIInterfaceOrientationLandscapeRight";
				INFOPLIST_KEY_UISupportedInterfaceOrientations_iPhone = "UIInterfaceOrientationPortrait UIInterfaceOrientationLandscapeLeft UIInterfaceOrientationLandscapeRight";
				LD_RUNPATH_SEARCH_PATHS = (
					"$(inherited)",
					"@executable_path/Frameworks",
				);
				MARKETING_VERSION = 1.0;
				PRODUCT_BUNDLE_IDENTIFIER = "EcemOzturk.ToDoList-App";
				PRODUCT_NAME = "$(TARGET_NAME)";
				SWIFT_EMIT_LOC_STRINGS = YES;
				SWIFT_VERSION = 5.0;
				TARGETED_DEVICE_FAMILY = "1,2";
			};
			name = Release;
		};
/* End XCBuildConfiguration section */

/* Begin XCConfigurationList section */
		524F030929B7DC380008FF07 /* Build configuration list for PBXProject "ToDoList-App" */ = {
			isa = XCConfigurationList;
			buildConfigurations = (
				524F032329B7DC3A0008FF07 /* Debug */,
				524F032429B7DC3A0008FF07 /* Release */,
			);
			defaultConfigurationIsVisible = 0;
			defaultConfigurationName = Release;
		};
		524F032529B7DC3A0008FF07 /* Build configuration list for PBXNativeTarget "ToDoList-App" */ = {
			isa = XCConfigurationList;
			buildConfigurations = (
				524F032629B7DC3A0008FF07 /* Debug */,
				524F032729B7DC3A0008FF07 /* Release */,
			);
			defaultConfigurationIsVisible = 0;
			defaultConfigurationName = Release;
		};
/* End XCConfigurationList section */

/* Begin XCVersionGroup section */
		524F031A29B7DC380008FF07 /* ToDoList_App.xcdatamodeld */ = {
			isa = XCVersionGroup;
			children = (
				524F031B29B7DC380008FF07 /* ToDoList_App.xcdatamodel */,
			);
			currentVersion = 524F031B29B7DC380008FF07 /* ToDoList_App.xcdatamodel */;
			path = ToDoList_App.xcdatamodeld;
			sourceTree = "<group>";
			versionGroupType = wrapper.xcdatamodel;
		};
/* End XCVersionGroup section */
	};
	rootObject = 524F030629B7DC380008FF07 /* Project object */;
}
